
Microsoft Visual Studio Solution File, Format Version 12.00
# Visual Studio Version 17
VisualStudioVersion = 17.0.31903.59
MinimumVisualStudioVersion = 10.0.40219.1
Project("{FAE04EC0-301F-11D3-BF4B-00C04F79EFBC}") = "HP.Base", "HP.Base\HP.Base.csproj", "{65477B36-9CC1-4196-8916-57D520F1A624}"
EndProject
Project("{FAE04EC0-301F-11D3-BF4B-00C04F79EFBC}") = "Hp.Data", "Hp.Data\Hp.Data.csproj", "{BA98F3DC-BB07-4BAE-A6A3-367CCB5B14D4}"
EndProject
Global
	GlobalSection(SolutionConfigurationPlatforms) = preSolution
		Debug|Any CPU = Debug|Any CPU
		Release|Any CPU = Release|Any CPU
	EndGlobalSection
	GlobalSection(ProjectConfigurationPlatforms) = postSolution
		{65477B36-9CC1-4196-8916-57D520F1A624}.Debug|Any CPU.ActiveCfg = Debug|Any CPU
		{65477B36-9CC1-4196-8916-57D520F1A624}.Debug|Any CPU.Build.0 = Debug|Any CPU
		{65477B36-9CC1-4196-8916-57D520F1A624}.Release|Any CPU.ActiveCfg = Release|Any CPU
		{65477B36-9CC1-4196-8916-57D520F1A624}.Release|Any CPU.Build.0 = Release|Any CPU
		{BA98F3DC-BB07-4BAE-A6A3-367CCB5B14D4}.Debug|Any CPU.ActiveCfg = Debug|Any CPU
		{BA98F3DC-BB07-4BAE-A6A3-367CCB5B14D4}.Debug|Any CPU.Build.0 = Debug|Any CPU
		{BA98F3DC-BB07-4BAE-A6A3-367CCB5B14D4}.Release|Any CPU.ActiveCfg = Release|Any CPU
		{BA98F3DC-BB07-4BAE-A6A3-367CCB5B14D4}.Release|Any CPU.Build.0 = Release|Any CPU
	EndGlobalSection
	GlobalSection(SolutionProperties) = preSolution
		HideSolutionNode = FALSE
	EndGlobalSection
	GlobalSection(ExtensibilityGlobals) = postSolution
		SolutionGuid = {12412491-D367-4C73-AC84-5063893D0309}
	EndGlobalSection
EndGlobal
